
Microsoft Visual Studio Solution File, Format Version 12.00
# Visual Studio Version 16
VisualStudioVersion = 16.0.30503.244
MinimumVisualStudioVersion = 10.0.40219.1
Project("{FAE04EC0-301F-11D3-BF4B-00C04F79EFBC}") = "InoPanel", "InoPanel\InoPanel.csproj", "{0B50C6E8-5A02-4ED6-BF4B-D2833902A9EE}"
EndProject
Project("{FAE04EC0-301F-11D3-BF4B-00C04F79EFBC}") = "InoPanelShowcase", "InoPanelShowcase\InoPanelShowcase.csproj", "{DE341065-D70C-40C2-BE91-836044C54882}"
EndProject
Global
	GlobalSection(SolutionConfigurationPlatforms) = preSolution
		Debug|Any CPU = Debug|Any CPU
		Release|Any CPU = Release|Any CPU
	EndGlobalSection
	GlobalSection(ProjectConfigurationPlatforms) = postSolution
		{0B50C6E8-5A02-4ED6-BF4B-D2833902A9EE}.Debug|Any CPU.ActiveCfg = Debug|Any CPU
		{0B50C6E8-5A02-4ED6-BF4B-D2833902A9EE}.Debug|Any CPU.Build.0 = Debug|Any CPU
		{0B50C6E8-5A02-4ED6-BF4B-D2833902A9EE}.Release|Any CPU.ActiveCfg = Release|Any CPU
		{0B50C6E8-5A02-4ED6-BF4B-D2833902A9EE}.Release|Any CPU.Build.0 = Release|Any CPU
		{DE341065-D70C-40C2-BE91-836044C54882}.Debug|Any CPU.ActiveCfg = Debug|Any CPU
		{DE341065-D70C-40C2-BE91-836044C54882}.Debug|Any CPU.Build.0 = Debug|Any CPU
		{DE341065-D70C-40C2-BE91-836044C54882}.Release|Any CPU.ActiveCfg = Release|Any CPU
		{DE341065-D70C-40C2-BE91-836044C54882}.Release|Any CPU.Build.0 = Release|Any CPU
	EndGlobalSection
	GlobalSection(SolutionProperties) = preSolution
		HideSolutionNode = FALSE
	EndGlobalSection
	GlobalSection(ExtensibilityGlobals) = postSolution
		SolutionGuid = {EC9DF4DA-0126-424A-B684-FBEE8A91C473}
	EndGlobalSection
EndGlobal
